
Microsoft Visual Studio Solution File, Format Version 12.00
# Visual Studio Version 16
VisualStudioVersion = 16.0.29306.81
MinimumVisualStudioVersion = 10.0.40219.1
Project("{FAE04EC0-301F-11D3-BF4B-00C04F79EFBC}") = "ПРАКТИЧЕСКАЯ 4", "ПРАКТИЧЕСКАЯ 4\ПРАКТИЧЕСКАЯ 4.csproj", "{001EF293-B9B4-4CA5-B46F-844D112B1770}"
EndProject
Global
	GlobalSection(SolutionConfigurationPlatforms) = preSolution
		Debug|Any CPU = Debug|Any CPU
		Release|Any CPU = Release|Any CPU
	EndGlobalSection
	GlobalSection(ProjectConfigurationPlatforms) = postSolution
		{001EF293-B9B4-4CA5-B46F-844D112B1770}.Debug|Any CPU.ActiveCfg = Debug|Any CPU
		{001EF293-B9B4-4CA5-B46F-844D112B1770}.Debug|Any CPU.Build.0 = Debug|Any CPU
		{001EF293-B9B4-4CA5-B46F-844D112B1770}.Release|Any CPU.ActiveCfg = Release|Any CPU
		{001EF293-B9B4-4CA5-B46F-844D112B1770}.Release|Any CPU.Build.0 = Release|Any CPU
	EndGlobalSection
	GlobalSection(SolutionProperties) = preSolution
		HideSolutionNode = FALSE
	EndGlobalSection
	GlobalSection(ExtensibilityGlobals) = postSolution
		SolutionGuid = {40CBAC69-D552-44FF-8F92-102CB78239C7}
	EndGlobalSection
EndGlobal
